
Microsoft Visual Studio Solution File, Format Version 12.00
# Visual Studio 15
VisualStudioVersion = 15.0.28307.136
MinimumVisualStudioVersion = 10.0.40219.1
Project("{FAE04EC0-301F-11D3-BF4B-00C04F79EFBC}") = "Asp.NetCore Api app", "Asp.NetCore Api app\Asp.NetCore Api app.csproj", "{DD22BE9D-B450-4453-B63C-858894BDAD36}"
EndProject
Global
	GlobalSection(SolutionConfigurationPlatforms) = preSolution
		Debug|Any CPU = Debug|Any CPU
		Release|Any CPU = Release|Any CPU
	EndGlobalSection
	GlobalSection(ProjectConfigurationPlatforms) = postSolution
		{DD22BE9D-B450-4453-B63C-858894BDAD36}.Debug|Any CPU.ActiveCfg = Debug|Any CPU
		{DD22BE9D-B450-4453-B63C-858894BDAD36}.Debug|Any CPU.Build.0 = Debug|Any CPU
		{DD22BE9D-B450-4453-B63C-858894BDAD36}.Release|Any CPU.ActiveCfg = Release|Any CPU
		{DD22BE9D-B450-4453-B63C-858894BDAD36}.Release|Any CPU.Build.0 = Release|Any CPU
	EndGlobalSection
	GlobalSection(SolutionProperties) = preSolution
		HideSolutionNode = FALSE
	EndGlobalSection
	GlobalSection(ExtensibilityGlobals) = postSolution
		SolutionGuid = {9219A515-EBD8-4B07-BC7F-3D853DF8AA1F}
	EndGlobalSection
EndGlobal
